
Microsoft Visual Studio Solution File, Format Version 12.00
# Visual Studio Version 17
VisualStudioVersion = 17.7.34202.233
MinimumVisualStudioVersion = 10.0.40219.1
Project("{2150E333-8FDC-42A3-9474-1A3956D46DE8}") = "src", "src", "{AB7C33CB-D750-4471-BEBA-C592DA63EBB2}"
EndProject
Project("{2150E333-8FDC-42A3-9474-1A3956D46DE8}") = "Core", "Core", "{F5ECA5FA-EAD1-42BE-8054-C6C9F05A2BC3}"
EndProject
Project("{9A19103F-16F7-4668-BE54-9A1E7A4F7556}") = "Resources", "src\Core\Resources\Resources.csproj", "{53877E4C-C002-43A2-8F8C-71E029D53619}"
EndProject
Project("{9A19103F-16F7-4668-BE54-9A1E7A4F7556}") = "Domain", "src\Core\Domain\Domain.csproj", "{EF878B0B-EECE-4BD0-A8C7-3271352E9BC8}"
EndProject
Project("{9A19103F-16F7-4668-BE54-9A1E7A4F7556}") = "Constants", "src\Core\Constants\Constants.csproj", "{A3C93931-3C6F-43A3-9C6B-7BCCA0B8D02C}"
EndProject
Project("{9A19103F-16F7-4668-BE54-9A1E7A4F7556}") = "Application", "src\Core\Application\Application.csproj", "{5CD1A4F9-DDAE-4F4F-A801-C9F3460672E6}"
EndProject
Project("{9A19103F-16F7-4668-BE54-9A1E7A4F7556}") = "Dtos", "src\Core\Dtos\Dtos.csproj", "{C6AAE651-136F-4AB4-B751-6D288BD75977}"
EndProject
Project("{2150E333-8FDC-42A3-9474-1A3956D46DE8}") = "Persistence", "Persistence", "{43E82704-842D-4269-9729-4345AAC84919}"
EndProject
Project("{9A19103F-16F7-4668-BE54-9A1E7A4F7556}") = "Persistence", "src\Persistence\Persistence\Persistence.csproj", "{C87E348E-4134-4E34-BE93-F186A0443816}"
EndProject
Project("{2150E333-8FDC-42A3-9474-1A3956D46DE8}") = "Framework", "Framework", "{C8B9A7D3-92B9-4330-B6D1-31B60BC14E1D}"
EndProject
Project("{9A19103F-16F7-4668-BE54-9A1E7A4F7556}") = "Dtat", "src\Framework\Dtat\Dtat.csproj", "{4ED34B73-C387-4BD9-9E8C-8C4261430391}"
EndProject
Project("{9A19103F-16F7-4668-BE54-9A1E7A4F7556}") = "Dtat.Seedwork.Abstractions", "src\Framework\Dtat.Seedwork.Abstractions\Dtat.Seedwork.Abstractions.csproj", "{11B0FB7A-6C69-4BB6-9481-6E607654A3B8}"
EndProject
Project("{2150E333-8FDC-42A3-9474-1A3956D46DE8}") = "Infrastructure", "Infrastructure", "{06A61DF7-9918-40B8-8F51-1A5CF3CC1463}"
EndProject
Project("{9A19103F-16F7-4668-BE54-9A1E7A4F7556}") = "Infrastructure", "src\Infrastructure\Infrastructure\Infrastructure.csproj", "{FD6770D4-2329-4E74-9EEB-ABE70FA017F5}"
EndProject
Project("{9A19103F-16F7-4668-BE54-9A1E7A4F7556}") = "ViewModels", "src\Core\ViewModels\ViewModels.csproj", "{C2529A9B-78FC-4C92-AF50-883CE2DD17CC}"
EndProject
Global
	GlobalSection(SolutionConfigurationPlatforms) = preSolution
		Debug|Any CPU = Debug|Any CPU
		Release|Any CPU = Release|Any CPU
	EndGlobalSection
	GlobalSection(ProjectConfigurationPlatforms) = postSolution
		{53877E4C-C002-43A2-8F8C-71E029D53619}.Debug|Any CPU.ActiveCfg = Debug|Any CPU
		{53877E4C-C002-43A2-8F8C-71E029D53619}.Debug|Any CPU.Build.0 = Debug|Any CPU
		{53877E4C-C002-43A2-8F8C-71E029D53619}.Release|Any CPU.ActiveCfg = Release|Any CPU
		{53877E4C-C002-43A2-8F8C-71E029D53619}.Release|Any CPU.Build.0 = Release|Any CPU
		{EF878B0B-EECE-4BD0-A8C7-3271352E9BC8}.Debug|Any CPU.ActiveCfg = Debug|Any CPU
		{EF878B0B-EECE-4BD0-A8C7-3271352E9BC8}.Debug|Any CPU.Build.0 = Debug|Any CPU
		{EF878B0B-EECE-4BD0-A8C7-3271352E9BC8}.Release|Any CPU.ActiveCfg = Release|Any CPU
		{EF878B0B-EECE-4BD0-A8C7-3271352E9BC8}.Release|Any CPU.Build.0 = Release|Any CPU
		{A3C93931-3C6F-43A3-9C6B-7BCCA0B8D02C}.Debug|Any CPU.ActiveCfg = Debug|Any CPU
		{A3C93931-3C6F-43A3-9C6B-7BCCA0B8D02C}.Debug|Any CPU.Build.0 = Debug|Any CPU
		{A3C93931-3C6F-43A3-9C6B-7BCCA0B8D02C}.Release|Any CPU.ActiveCfg = Release|Any CPU
		{A3C93931-3C6F-43A3-9C6B-7BCCA0B8D02C}.Release|Any CPU.Build.0 = Release|Any CPU
		{5CD1A4F9-DDAE-4F4F-A801-C9F3460672E6}.Debug|Any CPU.ActiveCfg = Debug|Any CPU
		{5CD1A4F9-DDAE-4F4F-A801-C9F3460672E6}.Debug|Any CPU.Build.0 = Debug|Any CPU
		{5CD1A4F9-DDAE-4F4F-A801-C9F3460672E6}.Release|Any CPU.ActiveCfg = Release|Any CPU
		{5CD1A4F9-DDAE-4F4F-A801-C9F3460672E6}.Release|Any CPU.Build.0 = Release|Any CPU
		{C6AAE651-136F-4AB4-B751-6D288BD75977}.Debug|Any CPU.ActiveCfg = Debug|Any CPU
		{C6AAE651-136F-4AB4-B751-6D288BD75977}.Debug|Any CPU.Build.0 = Debug|Any CPU
		{C6AAE651-136F-4AB4-B751-6D288BD75977}.Release|Any CPU.ActiveCfg = Release|Any CPU
		{C6AAE651-136F-4AB4-B751-6D288BD75977}.Release|Any CPU.Build.0 = Release|Any CPU
		{C87E348E-4134-4E34-BE93-F186A0443816}.Debug|Any CPU.ActiveCfg = Debug|Any CPU
		{C87E348E-4134-4E34-BE93-F186A0443816}.Debug|Any CPU.Build.0 = Debug|Any CPU
		{C87E348E-4134-4E34-BE93-F186A0443816}.Release|Any CPU.ActiveCfg = Release|Any CPU
		{C87E348E-4134-4E34-BE93-F186A0443816}.Release|Any CPU.Build.0 = Release|Any CPU
		{4ED34B73-C387-4BD9-9E8C-8C4261430391}.Debug|Any CPU.ActiveCfg = Debug|Any CPU
		{4ED34B73-C387-4BD9-9E8C-8C4261430391}.Debug|Any CPU.Build.0 = Debug|Any CPU
		{4ED34B73-C387-4BD9-9E8C-8C4261430391}.Release|Any CPU.ActiveCfg = Release|Any CPU
		{4ED34B73-C387-4BD9-9E8C-8C4261430391}.Release|Any CPU.Build.0 = Release|Any CPU
		{11B0FB7A-6C69-4BB6-9481-6E607654A3B8}.Debug|Any CPU.ActiveCfg = Debug|Any CPU
		{11B0FB7A-6C69-4BB6-9481-6E607654A3B8}.Debug|Any CPU.Build.0 = Debug|Any CPU
		{11B0FB7A-6C69-4BB6-9481-6E607654A3B8}.Release|Any CPU.ActiveCfg = Release|Any CPU
		{11B0FB7A-6C69-4BB6-9481-6E607654A3B8}.Release|Any CPU.Build.0 = Release|Any CPU
		{FD6770D4-2329-4E74-9EEB-ABE70FA017F5}.Debug|Any CPU.ActiveCfg = Debug|Any CPU
		{FD6770D4-2329-4E74-9EEB-ABE70FA017F5}.Debug|Any CPU.Build.0 = Debug|Any CPU
		{FD6770D4-2329-4E74-9EEB-ABE70FA017F5}.Release|Any CPU.ActiveCfg = Release|Any CPU
		{FD6770D4-2329-4E74-9EEB-ABE70FA017F5}.Release|Any CPU.Build.0 = Release|Any CPU
		{C2529A9B-78FC-4C92-AF50-883CE2DD17CC}.Debug|Any CPU.ActiveCfg = Debug|Any CPU
		{C2529A9B-78FC-4C92-AF50-883CE2DD17CC}.Debug|Any CPU.Build.0 = Debug|Any CPU
		{C2529A9B-78FC-4C92-AF50-883CE2DD17CC}.Release|Any CPU.ActiveCfg = Release|Any CPU
		{C2529A9B-78FC-4C92-AF50-883CE2DD17CC}.Release|Any CPU.Build.0 = Release|Any CPU
	EndGlobalSection
	GlobalSection(SolutionProperties) = preSolution
		HideSolutionNode = FALSE
	EndGlobalSection
	GlobalSection(NestedProjects) = preSolution
		{F5ECA5FA-EAD1-42BE-8054-C6C9F05A2BC3} = {AB7C33CB-D750-4471-BEBA-C592DA63EBB2}
		{53877E4C-C002-43A2-8F8C-71E029D53619} = {F5ECA5FA-EAD1-42BE-8054-C6C9F05A2BC3}
		{EF878B0B-EECE-4BD0-A8C7-3271352E9BC8} = {F5ECA5FA-EAD1-42BE-8054-C6C9F05A2BC3}
		{A3C93931-3C6F-43A3-9C6B-7BCCA0B8D02C} = {F5ECA5FA-EAD1-42BE-8054-C6C9F05A2BC3}
		{5CD1A4F9-DDAE-4F4F-A801-C9F3460672E6} = {F5ECA5FA-EAD1-42BE-8054-C6C9F05A2BC3}
		{C6AAE651-136F-4AB4-B751-6D288BD75977} = {F5ECA5FA-EAD1-42BE-8054-C6C9F05A2BC3}
		{43E82704-842D-4269-9729-4345AAC84919} = {AB7C33CB-D750-4471-BEBA-C592DA63EBB2}
		{C87E348E-4134-4E34-BE93-F186A0443816} = {43E82704-842D-4269-9729-4345AAC84919}
		{C8B9A7D3-92B9-4330-B6D1-31B60BC14E1D} = {AB7C33CB-D750-4471-BEBA-C592DA63EBB2}
		{4ED34B73-C387-4BD9-9E8C-8C4261430391} = {C8B9A7D3-92B9-4330-B6D1-31B60BC14E1D}
		{11B0FB7A-6C69-4BB6-9481-6E607654A3B8} = {C8B9A7D3-92B9-4330-B6D1-31B60BC14E1D}
		{FD6770D4-2329-4E74-9EEB-ABE70FA017F5} = {06A61DF7-9918-40B8-8F51-1A5CF3CC1463}
		{C2529A9B-78FC-4C92-AF50-883CE2DD17CC} = {F5ECA5FA-EAD1-42BE-8054-C6C9F05A2BC3}
	EndGlobalSection
	GlobalSection(ExtensibilityGlobals) = postSolution
		SolutionGuid = {CE48E610-741A-4BA2-90FC-FE8B5519BC1B}
	EndGlobalSection
EndGlobal
